substitutions:
  name: desk-clock
  friendly_name: ESP Marquee Clock
  fonts_dir: ./fonts
  api_encryption_key: !secret desk_clock_encryption_key
  ota_password: !secret desk_clock_ota_password

esphome:
  name: $name
  friendly_name: $friendly_name
  comment: "ESP32 Desk Clock"

esp8266:
  board: esp01_1m

<<: !include ./common/base.yaml

font:
  - file: "${fonts_dir}/Early GameBoy.ttf"
    id: digit_font
    size: 8

spi:
  clk_pin: GPIO14
  mosi_pin: GPIO13

time:
  - platform: sntp
    id: sntp_time

display:
  - platform: max7219digit
    cs_pin: GPIO15
    num_chips: 4
    intensity: 5
    lambda: |-
      it.strftime(0, -1, id(digit_font), "%H", id(sntp_time).now());
      it.print(14, -1, id(digit_font), ":");
      it.strftime(18, -1, id(digit_font), "%M", id(sntp_time).now());
